// !$*UTF8*$!
{
	archiveVersion = 1;
	classes = {
	};
	objectVersion = 60;
	objects = {

/* Begin PBXBuildFile section */
		8A0000010000000000000001 /* VibeVoiceAppApp.swift in Sources */ = {isa = PBXBuildFile; fileRef = 8A0000020000000000000001 /* VibeVoiceAppApp.swift */; };
		8A0000010000000000000002 /* ContentView.swift in Sources */ = {isa = PBXBuildFile; fileRef = 8A0000020000000000000002 /* ContentView.swift */; };
		8A0000010000000000000003 /* Voice.swift in Sources */ = {isa = PBXBuildFile; fileRef = 8A0000020000000000000003 /* Voice.swift */; };
		8A0000010000000000000004 /* VoiceLanguage.swift in Sources */ = {isa = PBXBuildFile; fileRef = 8A0000020000000000000004 /* VoiceLanguage.swift */; };
		8A0000010000000000000005 /* TTSViewModel.swift in Sources */ = {isa = PBXBuildFile; fileRef = 8A0000020000000000000005 /* TTSViewModel.swift */; };
		8A0000010000000000000006 /* ModelDownloadViewModel.swift in Sources */ = {isa = PBXBuildFile; fileRef = 8A0000020000000000000006 /* ModelDownloadViewModel.swift */; };
		8A0000010000000000000007 /* TTSService.swift in Sources */ = {isa = PBXBuildFile; fileRef = 8A0000020000000000000007 /* TTSService.swift */; };
		8A0000010000000000000008 /* AudioSessionManager.swift in Sources */ = {isa = PBXBuildFile; fileRef = 8A0000020000000000000008 /* AudioSessionManager.swift */; };
		8A0000010000000000000009 /* VoiceDownloadService.swift in Sources */ = {isa = PBXBuildFile; fileRef = 8A0000020000000000000009 /* VoiceDownloadService.swift */; };
		8A0000010000000000000010 /* MainTTSView.swift in Sources */ = {isa = PBXBuildFile; fileRef = 8A0000020000000000000010 /* MainTTSView.swift */; };
		8A0000010000000000000011 /* VoiceSelectorView.swift in Sources */ = {isa = PBXBuildFile; fileRef = 8A0000020000000000000011 /* VoiceSelectorView.swift */; };
		8A0000010000000000000012 /* TextInputView.swift in Sources */ = {isa = PBXBuildFile; fileRef = 8A0000020000000000000012 /* TextInputView.swift */; };
		8A0000010000000000000013 /* PlaybackControlsView.swift in Sources */ = {isa = PBXBuildFile; fileRef = 8A0000020000000000000013 /* PlaybackControlsView.swift */; };
		8A0000010000000000000014 /* ModelDownloadView.swift in Sources */ = {isa = PBXBuildFile; fileRef = 8A0000020000000000000014 /* ModelDownloadView.swift */; };
		8A0000010000000000000015 /* WaveformIndicator.swift in Sources */ = {isa = PBXBuildFile; fileRef = 8A0000020000000000000015 /* WaveformIndicator.swift */; };
		8A0000010000000000000016 /* Assets.xcassets in Resources */ = {isa = PBXBuildFile; fileRef = 8A0000020000000000000016 /* Assets.xcassets */; };
		8A0000010000000000000020 /* VibeVoice in Frameworks */ = {isa = PBXBuildFile; productRef = 8A0000030000000000000020 /* VibeVoice */; };
/* End PBXBuildFile section */

/* Begin PBXFileReference section */
		03CD2E6E2F1DC8B10063C80B /* VibeVoiceApp.entitlements */ = {isa = PBXFileReference; lastKnownFileType = text.plist.entitlements; path = VibeVoiceApp.entitlements; sourceTree = "<group>"; };
		8A0000020000000000000001 /* VibeVoiceAppApp.swift */ = {isa = PBXFileReference; lastKnownFileType = sourcecode.swift; path = VibeVoiceAppApp.swift; sourceTree = "<group>"; };
		8A0000020000000000000002 /* ContentView.swift */ = {isa = PBXFileReference; lastKnownFileType = sourcecode.swift; path = ContentView.swift; sourceTree = "<group>"; };
		8A0000020000000000000003 /* Voice.swift */ = {isa = PBXFileReference; lastKnownFileType = sourcecode.swift; path = Voice.swift; sourceTree = "<group>"; };
		8A0000020000000000000004 /* VoiceLanguage.swift */ = {isa = PBXFileReference; lastKnownFileType = sourcecode.swift; path = VoiceLanguage.swift; sourceTree = "<group>"; };
		8A0000020000000000000005 /* TTSViewModel.swift */ = {isa = PBXFileReference; lastKnownFileType = sourcecode.swift; path = TTSViewModel.swift; sourceTree = "<group>"; };
		8A0000020000000000000006 /* ModelDownloadViewModel.swift */ = {isa = PBXFileReference; lastKnownFileType = sourcecode.swift; path = ModelDownloadViewModel.swift; sourceTree = "<group>"; };
		8A0000020000000000000007 /* TTSService.swift */ = {isa = PBXFileReference; lastKnownFileType = sourcecode.swift; path = TTSService.swift; sourceTree = "<group>"; };
		8A0000020000000000000008 /* AudioSessionManager.swift */ = {isa = PBXFileReference; lastKnownFileType = sourcecode.swift; path = AudioSessionManager.swift; sourceTree = "<group>"; };
		8A0000020000000000000009 /* VoiceDownloadService.swift */ = {isa = PBXFileReference; lastKnownFileType = sourcecode.swift; path = VoiceDownloadService.swift; sourceTree = "<group>"; };
		8A0000020000000000000010 /* MainTTSView.swift */ = {isa = PBXFileReference; lastKnownFileType = sourcecode.swift; path = MainTTSView.swift; sourceTree = "<group>"; };
		8A0000020000000000000011 /* VoiceSelectorView.swift */ = {isa = PBXFileReference; lastKnownFileType = sourcecode.swift; path = VoiceSelectorView.swift; sourceTree = "<group>"; };
		8A0000020000000000000012 /* TextInputView.swift */ = {isa = PBXFileReference; lastKnownFileType = sourcecode.swift; path = TextInputView.swift; sourceTree = "<group>"; };
		8A0000020000000000000013 /* PlaybackControlsView.swift */ = {isa = PBXFileReference; lastKnownFileType = sourcecode.swift; path = PlaybackControlsView.swift; sourceTree = "<group>"; };
		8A0000020000000000000014 /* ModelDownloadView.swift */ = {isa = PBXFileReference; lastKnownFileType = sourcecode.swift; path = ModelDownloadView.swift; sourceTree = "<group>"; };
		8A0000020000000000000015 /* WaveformIndicator.swift */ = {isa = PBXFileReference; lastKnownFileType = sourcecode.swift; path = WaveformIndicator.swift; sourceTree = "<group>"; };
		8A0000020000000000000016 /* Assets.xcassets */ = {isa = PBXFileReference; lastKnownFileType = folder.assetcatalog; path = Assets.xcassets; sourceTree = "<group>"; };
		8A0000040000000000000001 /* VibeVoiceApp.app */ = {isa = PBXFileReference; explicitFileType = wrapper.application; includeInIndex = 0; path = VibeVoiceApp.app; sourceTree = BUILT_PRODUCTS_DIR; };
/* End PBXFileReference section */

/* Begin PBXFrameworksBuildPhase section */
		8A0000050000000000000001 /* Frameworks */ = {
			isa = PBXFrameworksBuildPhase;
			buildActionMask = 2147483647;
			files = (
				8A0000010000000000000020 /* VibeVoice in Frameworks */,
			);
			runOnlyForDeploymentPostprocessing = 0;
		};
/* End PBXFrameworksBuildPhase section */

/* Begin PBXGroup section */
		8A0000060000000000000001 = {
			isa = PBXGroup;
			children = (
				8A0000060000000000000002 /* VibeVoiceApp */,
				8A0000060000000000000010 /* Products */,
			);
			sourceTree = "<group>";
		};
		8A0000060000000000000002 /* VibeVoiceApp */ = {
			isa = PBXGroup;
			children = (
				03CD2E6E2F1DC8B10063C80B /* VibeVoiceApp.entitlements */,
				8A0000020000000000000001 /* VibeVoiceAppApp.swift */,
				8A0000020000000000000002 /* ContentView.swift */,
				8A0000060000000000000003 /* Models */,
				8A0000060000000000000004 /* ViewModels */,
				8A0000060000000000000005 /* Views */,
				8A0000060000000000000006 /* Services */,
				8A0000020000000000000016 /* Assets.xcassets */,
			);
			path = VibeVoiceApp;
			sourceTree = "<group>";
		};
		8A0000060000000000000003 /* Models */ = {
			isa = PBXGroup;
			children = (
				8A0000020000000000000003 /* Voice.swift */,
				8A0000020000000000000004 /* VoiceLanguage.swift */,
			);
			path = Models;
			sourceTree = "<group>";
		};
		8A0000060000000000000004 /* ViewModels */ = {
			isa = PBXGroup;
			children = (
				8A0000020000000000000005 /* TTSViewModel.swift */,
				8A0000020000000000000006 /* ModelDownloadViewModel.swift */,
			);
			path = ViewModels;
			sourceTree = "<group>";
		};
		8A0000060000000000000005 /* Views */ = {
			isa = PBXGroup;
			children = (
				8A0000020000000000000010 /* MainTTSView.swift */,
				8A0000020000000000000011 /* VoiceSelectorView.swift */,
				8A0000020000000000000012 /* TextInputView.swift */,
				8A0000020000000000000013 /* PlaybackControlsView.swift */,
				8A0000020000000000000014 /* ModelDownloadView.swift */,
				8A0000020000000000000015 /* WaveformIndicator.swift */,
			);
			path = Views;
			sourceTree = "<group>";
		};
		8A0000060000000000000006 /* Services */ = {
			isa = PBXGroup;
			children = (
				8A0000020000000000000007 /* TTSService.swift */,
				8A0000020000000000000008 /* AudioSessionManager.swift */,
				8A0000020000000000000009 /* VoiceDownloadService.swift */,
			);
			path = Services;
			sourceTree = "<group>";
		};
		8A0000060000000000000010 /* Products */ = {
			isa = PBXGroup;
			children = (
				8A0000040000000000000001 /* VibeVoiceApp.app */,
			);
			name = Products;
			sourceTree = "<group>";
		};
/* End PBXGroup section */

/* Begin PBXNativeTarget section */
		8A0000070000000000000001 /* VibeVoiceApp */ = {
			isa = PBXNativeTarget;
			buildConfigurationList = 8A0000080000000000000001 /* Build configuration list for PBXNativeTarget "VibeVoiceApp" */;
			buildPhases = (
				8A0000090000000000000001 /* Sources */,
				8A0000050000000000000001 /* Frameworks */,
				8A00000A0000000000000001 /* Resources */,
			);
			buildRules = (
			);
			dependencies = (
			);
			name = VibeVoiceApp;
			packageProductDependencies = (
				8A0000030000000000000020 /* VibeVoice */,
			);
			productName = VibeVoiceApp;
			productReference = 8A0000040000000000000001 /* VibeVoiceApp.app */;
			productType = "com.apple.product-type.application";
		};
/* End PBXNativeTarget section */

/* Begin PBXProject section */
		8A00000B0000000000000001 /* Project object */ = {
			isa = PBXProject;
			attributes = {
				BuildIndependentTargetsInParallel = 1;
				LastSwiftUpdateCheck = 1500;
				LastUpgradeCheck = 1500;
				TargetAttributes = {
					8A0000070000000000000001 = {
						CreatedOnToolsVersion = 15.0;
					};
				};
			};
			buildConfigurationList = 8A00000C0000000000000001 /* Build configuration list for PBXProject "VibeVoiceApp" */;
			compatibilityVersion = "Xcode 14.0";
			developmentRegion = en;
			hasScannedForEncodings = 0;
			knownRegions = (
				en,
				Base,
			);
			mainGroup = 8A0000060000000000000001;
			packageReferences = (
				8A00000D0000000000000001 /* XCLocalSwiftPackageReference "../" */,
			);
			productRefGroup = 8A0000060000000000000010 /* Products */;
			projectDirPath = "";
			projectRoot = "";
			targets = (
				8A0000070000000000000001 /* VibeVoiceApp */,
			);
		};
/* End PBXProject section */

/* Begin PBXResourcesBuildPhase section */
		8A00000A0000000000000001 /* Resources */ = {
			isa = PBXResourcesBuildPhase;
			buildActionMask = 2147483647;
			files = (
				8A0000010000000000000016 /* Assets.xcassets in Resources */,
			);
			runOnlyForDeploymentPostprocessing = 0;
		};
/* End PBXResourcesBuildPhase section */

/* Begin PBXSourcesBuildPhase section */
		8A0000090000000000000001 /* Sources */ = {
			isa = PBXSourcesBuildPhase;
			buildActionMask = 2147483647;
			files = (
				8A0000010000000000000001 /* VibeVoiceAppApp.swift in Sources */,
				8A0000010000000000000002 /* ContentView.swift in Sources */,
				8A0000010000000000000003 /* Voice.swift in Sources */,
				8A0000010000000000000004 /* VoiceLanguage.swift in Sources */,
				8A0000010000000000000005 /* TTSViewModel.swift in Sources */,
				8A0000010000000000000006 /* ModelDownloadViewModel.swift in Sources */,
				8A0000010000000000000007 /* TTSService.swift in Sources */,
				8A0000010000000000000008 /* AudioSessionManager.swift in Sources */,
				8A0000010000000000000009 /* VoiceDownloadService.swift in Sources */,
				8A0000010000000000000010 /* MainTTSView.swift in Sources */,
				8A0000010000000000000011 /* VoiceSelectorView.swift in Sources */,
				8A0000010000000000000012 /* TextInputView.swift in Sources */,
				8A0000010000000000000013 /* PlaybackControlsView.swift in Sources */,
				8A0000010000000000000014 /* ModelDownloadView.swift in Sources */,
				8A0000010000000000000015 /* WaveformIndicator.swift in Sources */,
			);
			runOnlyForDeploymentPostprocessing = 0;
		};
/* End PBXSourcesBuildPhase section */

/* Begin XCBuildConfiguration section */
		8A00000E0000000000000001 /* Debug */ = {
			isa = XCBuildConfiguration;
			buildSettings = {
				ALWAYS_SEARCH_USER_PATHS = NO;
				ASSETCATALOG_COMPILER_GENERATE_SWIFT_ASSET_SYMBOL_EXTENSIONS = YES;
				CLANG_ANALYZER_NONNULL = YES;
				CLANG_ANALYZER_NUMBER_OBJECT_CONVERSION = YES_AGGRESSIVE;
				CLANG_CXX_LANGUAGE_STANDARD = "gnu++20";
				CLANG_ENABLE_MODULES = YES;
				CLANG_ENABLE_OBJC_ARC = YES;
				CLANG_ENABLE_OBJC_WEAK = YES;
				CLANG_WARN_BLOCK_CAPTURE_AUTORELEASING = YES;
				CLANG_WARN_BOOL_CONVERSION = YES;
				CLANG_WARN_COMMA = YES;
				CLANG_WARN_CONSTANT_CONVERSION = YES;
				CLANG_WARN_DEPRECATED_OBJC_IMPLEMENTATIONS = YES;
				CLANG_WARN_DIRECT_OBJC_ISA_USAGE = YES_ERROR;
				CLANG_WARN_DOCUMENTATION_COMMENTS = YES;
				CLANG_WARN_EMPTY_BODY = YES;
				CLANG_WARN_ENUM_CONVERSION = YES;
				CLANG_WARN_INFINITE_RECURSION = YES;
				CLANG_WARN_INT_CONVERSION = YES;
				CLANG_WARN_NON_LITERAL_NULL_CONVERSION = YES;
				CLANG_WARN_OBJC_IMPLICIT_RETAIN_SELF = YES;
				CLANG_WARN_OBJC_LITERAL_CONVERSION = YES;
				CLANG_WARN_OBJC_ROOT_CLASS = YES_ERROR;
				CLANG_WARN_QUOTED_INCLUDE_IN_FRAMEWORK_HEADER = YES;
				CLANG_WARN_RANGE_LOOP_ANALYSIS = YES;
				CLANG_WARN_STRICT_PROTOTYPES = YES;
				CLANG_WARN_SUSPICIOUS_MOVE = YES;
				CLANG_WARN_UNGUARDED_AVAILABILITY = YES_AGGRESSIVE;
				CLANG_WARN_UNREACHABLE_CODE = YES;
				CLANG_WARN__DUPLICATE_METHOD_MATCH = YES;
				COPY_PHASE_STRIP = NO;
				DEBUG_INFORMATION_FORMAT = dwarf;
				ENABLE_STRICT_OBJC_MSGSEND = YES;
				ENABLE_TESTABILITY = YES;
				ENABLE_USER_SCRIPT_SANDBOXING = YES;
				GCC_C_LANGUAGE_STANDARD = gnu17;
				GCC_DYNAMIC_NO_PIC = NO;
				GCC_NO_COMMON_BLOCKS = YES;
				GCC_OPTIMIZATION_LEVEL = 0;
				GCC_PREPROCESSOR_DEFINITIONS = (
					"DEBUG=1",
					"$(inherited)",
				);
				GCC_WARN_64_TO_32_BIT_CONVERSION = YES;
				GCC_WARN_ABOUT_RETURN_TYPE = YES_ERROR;
				GCC_WARN_UNDECLARED_SELECTOR = YES;
				GCC_WARN_UNINITIALIZED_AUTOS = YES_AGGRESSIVE;
				GCC_WARN_UNUSED_FUNCTION = YES;
				GCC_WARN_UNUSED_VARIABLE = YES;
				IPHONEOS_DEPLOYMENT_TARGET = 17.0;
				LOCALIZATION_PREFERS_STRING_CATALOGS = YES;
				MTL_ENABLE_DEBUG_INFO = INCLUDE_SOURCE;
				MTL_FAST_MATH = YES;
				ONLY_ACTIVE_ARCH = YES;
				SDKROOT = iphoneos;
				SWIFT_ACTIVE_COMPILATION_CONDITIONS = "DEBUG $(inherited)";
				SWIFT_OPTIMIZATION_LEVEL = "-Onone";
			};
			name = Debug;
		};
		8A00000E0000000000000002 /* Release */ = {
			isa = XCBuildConfiguration;
			buildSettings = {
				ALWAYS_SEARCH_USER_PATHS = NO;
				ASSETCATALOG_COMPILER_GENERATE_SWIFT_ASSET_SYMBOL_EXTENSIONS = YES;
				CLANG_ANALYZER_NONNULL = YES;
				CLANG_ANALYZER_NUMBER_OBJECT_CONVERSION = YES_AGGRESSIVE;
				CLANG_CXX_LANGUAGE_STANDARD = "gnu++20";
				CLANG_ENABLE_MODULES = YES;
				CLANG_ENABLE_OBJC_ARC = YES;
				CLANG_ENABLE_OBJC_WEAK = YES;
				CLANG_WARN_BLOCK_CAPTURE_AUTORELEASING = YES;
				CLANG_WARN_BOOL_CONVERSION = YES;
				CLANG_WARN_COMMA = YES;
				CLANG_WARN_CONSTANT_CONVERSION = YES;
				CLANG_WARN_DEPRECATED_OBJC_IMPLEMENTATIONS = YES;
				CLANG_WARN_DIRECT_OBJC_ISA_USAGE = YES_ERROR;
				CLANG_WARN_DOCUMENTATION_COMMENTS = YES;
				CLANG_WARN_EMPTY_BODY = YES;
				CLANG_WARN_ENUM_CONVERSION = YES;
				CLANG_WARN_INFINITE_RECURSION = YES;
				CLANG_WARN_INT_CONVERSION = YES;
				CLANG_WARN_NON_LITERAL_NULL_CONVERSION = YES;
				CLANG_WARN_OBJC_IMPLICIT_RETAIN_SELF = YES;
				CLANG_WARN_OBJC_LITERAL_CONVERSION = YES;
				CLANG_WARN_OBJC_ROOT_CLASS = YES_ERROR;
				CLANG_WARN_QUOTED_INCLUDE_IN_FRAMEWORK_HEADER = YES;
				CLANG_WARN_RANGE_LOOP_ANALYSIS = YES;
				CLANG_WARN_STRICT_PROTOTYPES = YES;
				CLANG_WARN_SUSPICIOUS_MOVE = YES;
				CLANG_WARN_UNGUARDED_AVAILABILITY = YES_AGGRESSIVE;
				CLANG_WARN_UNREACHABLE_CODE = YES;
				CLANG_WARN__DUPLICATE_METHOD_MATCH = YES;
				COPY_PHASE_STRIP = NO;
				DEBUG_INFORMATION_FORMAT = "dwarf-with-dsym";
				ENABLE_NS_ASSERTIONS = NO;
				ENABLE_STRICT_OBJC_MSGSEND = YES;
				ENABLE_USER_SCRIPT_SANDBOXING = YES;
				GCC_C_LANGUAGE_STANDARD = gnu17;
				GCC_NO_COMMON_BLOCKS = YES;
				GCC_WARN_64_TO_32_BIT_CONVERSION = YES;
				GCC_WARN_ABOUT_RETURN_TYPE = YES_ERROR;
				GCC_WARN_UNDECLARED_SELECTOR = YES;
				GCC_WARN_UNINITIALIZED_AUTOS = YES_AGGRESSIVE;
				GCC_WARN_UNUSED_FUNCTION = YES;
				GCC_WARN_UNUSED_VARIABLE = YES;
				IPHONEOS_DEPLOYMENT_TARGET = 17.0;
				LOCALIZATION_PREFERS_STRING_CATALOGS = YES;
				MTL_ENABLE_DEBUG_INFO = NO;
				MTL_FAST_MATH = YES;
				SDKROOT = iphoneos;
				SWIFT_COMPILATION_MODE = wholemodule;
				VALIDATE_PRODUCT = YES;
			};
			name = Release;
		};
		8A00000F0000000000000001 /* Debug */ = {
			isa = XCBuildConfiguration;
			buildSettings = {
				ASSETCATALOG_COMPILER_APPICON_NAME = AppIcon;
				ASSETCATALOG_COMPILER_GLOBAL_ACCENT_COLOR_NAME = AccentColor;
				CODE_SIGN_ENTITLEMENTS = VibeVoiceApp/VibeVoiceApp.entitlements;
				CODE_SIGN_STYLE = Automatic;
				CURRENT_PROJECT_VERSION = 1;
				DEVELOPMENT_TEAM = TA92TEWDS4;
				ENABLE_PREVIEWS = YES;
				GENERATE_INFOPLIST_FILE = YES;
				INFOPLIST_KEY_CFBundleDisplayName = VibeVoice;
				INFOPLIST_KEY_LSApplicationCategoryType = "public.app-category.utilities";
				INFOPLIST_KEY_UIApplicationSceneManifest_Generation = YES;
				INFOPLIST_KEY_UIApplicationSupportsIndirectInputEvents = YES;
				INFOPLIST_KEY_UIBackgroundModes = audio;
				INFOPLIST_KEY_UILaunchScreen_Generation = YES;
				INFOPLIST_KEY_UISupportedInterfaceOrientations_iPad = "UIInterfaceOrientationPortrait UIInterfaceOrientationPortraitUpsideDown UIInterfaceOrientationLandscapeLeft UIInterfaceOrientationLandscapeRight";
				INFOPLIST_KEY_UISupportedInterfaceOrientations_iPhone = "UIInterfaceOrientationPortrait UIInterfaceOrientationLandscapeLeft UIInterfaceOrientationLandscapeRight";
				LD_RUNPATH_SEARCH_PATHS = (
					"$(inherited)",
					"@executable_path/Frameworks",
				);
				MARKETING_VERSION = 1.0;
				PRODUCT_BUNDLE_IDENTIFIER = com.sdesai.vibevoice.app;
				PRODUCT_NAME = "$(TARGET_NAME)";
				SWIFT_EMIT_LOC_STRINGS = YES;
				SWIFT_VERSION = 5.0;
				TARGETED_DEVICE_FAMILY = "1,2";
			};
			name = Debug;
		};
		8A00000F0000000000000002 /* Release */ = {
			isa = XCBuildConfiguration;
			buildSettings = {
				ASSETCATALOG_COMPILER_APPICON_NAME = AppIcon;
				ASSETCATALOG_COMPILER_GLOBAL_ACCENT_COLOR_NAME = AccentColor;
				CODE_SIGN_ENTITLEMENTS = VibeVoiceApp/VibeVoiceApp.entitlements;
				CODE_SIGN_STYLE = Automatic;
				CURRENT_PROJECT_VERSION = 1;
				DEVELOPMENT_TEAM = TA92TEWDS4;
				ENABLE_PREVIEWS = YES;
				GENERATE_INFOPLIST_FILE = YES;
				INFOPLIST_KEY_CFBundleDisplayName = VibeVoice;
				INFOPLIST_KEY_LSApplicationCategoryType = "public.app-category.utilities";
				INFOPLIST_KEY_UIApplicationSceneManifest_Generation = YES;
				INFOPLIST_KEY_UIApplicationSupportsIndirectInputEvents = YES;
				INFOPLIST_KEY_UIBackgroundModes = audio;
				INFOPLIST_KEY_UILaunchScreen_Generation = YES;
				INFOPLIST_KEY_UISupportedInterfaceOrientations_iPad = "UIInterfaceOrientationPortrait UIInterfaceOrientationPortraitUpsideDown UIInterfaceOrientationLandscapeLeft UIInterfaceOrientationLandscapeRight";
				INFOPLIST_KEY_UISupportedInterfaceOrientations_iPhone = "UIInterfaceOrientationPortrait UIInterfaceOrientationLandscapeLeft UIInterfaceOrientationLandscapeRight";
				LD_RUNPATH_SEARCH_PATHS = (
					"$(inherited)",
					"@executable_path/Frameworks",
				);
				MARKETING_VERSION = 1.0;
				PRODUCT_BUNDLE_IDENTIFIER = com.sdesai.vibevoice.app;
				PRODUCT_NAME = "$(TARGET_NAME)";
				SWIFT_EMIT_LOC_STRINGS = YES;
				SWIFT_VERSION = 5.0;
				TARGETED_DEVICE_FAMILY = "1,2";
			};
			name = Release;
		};
/* End XCBuildConfiguration section */

/* Begin XCConfigurationList section */
		8A0000080000000000000001 /* Build configuration list for PBXNativeTarget "VibeVoiceApp" */ = {
			isa = XCConfigurationList;
			buildConfigurations = (
				8A00000F0000000000000001 /* Debug */,
				8A00000F0000000000000002 /* Release */,
			);
			defaultConfigurationIsVisible = 0;
			defaultConfigurationName = Release;
		};
		8A00000C0000000000000001 /* Build configuration list for PBXProject "VibeVoiceApp" */ = {
			isa = XCConfigurationList;
			buildConfigurations = (
				8A00000E0000000000000001 /* Debug */,
				8A00000E0000000000000002 /* Release */,
			);
			defaultConfigurationIsVisible = 0;
			defaultConfigurationName = Release;
		};
/* End XCConfigurationList section */

/* Begin XCLocalSwiftPackageReference section */
		8A00000D0000000000000001 /* XCLocalSwiftPackageReference "../" */ = {
			isa = XCLocalSwiftPackageReference;
			relativePath = ../;
		};
/* End XCLocalSwiftPackageReference section */

/* Begin XCSwiftPackageProductDependency section */
		8A0000030000000000000020 /* VibeVoice */ = {
			isa = XCSwiftPackageProductDependency;
			productName = VibeVoice;
		};
/* End XCSwiftPackageProductDependency section */
	};
	rootObject = 8A00000B0000000000000001 /* Project object */;
}
